
Microsoft Visual Studio Solution File, Format Version 12.00
# Visual Studio 15
VisualStudioVersion = 15.0.28307.902
MinimumVisualStudioVersion = 10.0.40219.1
Project("{9A19103F-16F7-4668-BE54-9A1E7A4F7556}") = "CasaDoCodigo.MVC", "CasaDoCodigo.MVC.csproj", "{CDDE0E19-66BA-4332-965C-57B44CB78E7B}"
EndProject
Project("{9A19103F-16F7-4668-BE54-9A1E7A4F7556}") = "CasaDoCodigo.RelatorioWebAPI", "..\CasaDoCodigo.RelatorioWebAPI\CasaDoCodigo.RelatorioWebAPI.csproj", "{311018F9-A42F-4C97-BF16-86FA973972DA}"
EndProject
Project("{9A19103F-16F7-4668-BE54-9A1E7A4F7556}") = "CasaDoCodigo.IdentityServer", "..\CasaDoCodigo.IdentityServer\CasaDoCodigo.IdentityServer.csproj", "{922FA369-8B97-4A00-98D5-323C2BD47AB6}"
EndProject
Global
	GlobalSection(SolutionConfigurationPlatforms) = preSolution
		Debug|Any CPU = Debug|Any CPU
		Release|Any CPU = Release|Any CPU
	EndGlobalSection
	GlobalSection(ProjectConfigurationPlatforms) = postSolution
		{CDDE0E19-66BA-4332-965C-57B44CB78E7B}.Debug|Any CPU.ActiveCfg = Debug|Any CPU
		{CDDE0E19-66BA-4332-965C-57B44CB78E7B}.Debug|Any CPU.Build.0 = Debug|Any CPU
		{CDDE0E19-66BA-4332-965C-57B44CB78E7B}.Release|Any CPU.ActiveCfg = Release|Any CPU
		{CDDE0E19-66BA-4332-965C-57B44CB78E7B}.Release|Any CPU.Build.0 = Release|Any CPU
		{311018F9-A42F-4C97-BF16-86FA973972DA}.Debug|Any CPU.ActiveCfg = Debug|Any CPU
		{311018F9-A42F-4C97-BF16-86FA973972DA}.Debug|Any CPU.Build.0 = Debug|Any CPU
		{311018F9-A42F-4C97-BF16-86FA973972DA}.Release|Any CPU.ActiveCfg = Release|Any CPU
		{311018F9-A42F-4C97-BF16-86FA973972DA}.Release|Any CPU.Build.0 = Release|Any CPU
		{922FA369-8B97-4A00-98D5-323C2BD47AB6}.Debug|Any CPU.ActiveCfg = Debug|Any CPU
		{922FA369-8B97-4A00-98D5-323C2BD47AB6}.Debug|Any CPU.Build.0 = Debug|Any CPU
		{922FA369-8B97-4A00-98D5-323C2BD47AB6}.Release|Any CPU.ActiveCfg = Release|Any CPU
		{922FA369-8B97-4A00-98D5-323C2BD47AB6}.Release|Any CPU.Build.0 = Release|Any CPU
	EndGlobalSection
	GlobalSection(SolutionProperties) = preSolution
		HideSolutionNode = FALSE
	EndGlobalSection
	GlobalSection(ExtensibilityGlobals) = postSolution
		SolutionGuid = {711A3909-B417-4814-B961-5913375FFBCA}
	EndGlobalSection
EndGlobal
